Microsoft Visual Studio Solution File, Format Version 10.00
# Visual Studio 2008
Project("{8BC9CEB8-8B4A-11D0-8D11-00A0C91BC942}") = "Navajo", "Navajo.vcproj", "{2FFF583F-9227-49B9-BCD4-6EB84708AC45}"
	ProjectSection(ProjectDependencies) = postProject
		{53784BC1-A8BC-4AC8-8A3E-158D6807345A} = {53784BC1-A8BC-4AC8-8A3E-158D6807345A}
	EndProjectSection
EndProject
Project("{8BC9CEB8-8B4A-11D0-8D11-00A0C91BC942}") = "NavajoCE", "NavajoCE.vcproj", "{169B07A0-B158-405F-A306-C2F5209BFFB8}"
	ProjectSection(ProjectDependencies) = postProject
		{9E5A8F20-5F04-4629-B2E1-27B5E30F2AF6} = {9E5A8F20-5F04-4629-B2E1-27B5E30F2AF6}
	EndProjectSection
EndProject
Project("{8BC9CEB8-8B4A-11D0-8D11-00A0C91BC942}") = "NavajoPhoneCE", "..\phone\NavajoPhoneCE.vcproj", "{8779DC75-8789-4C2F-9D47-536EFD167A31}"
	ProjectSection(ProjectDependencies) = postProject
		{FACF157C-C485-42B5-B5F6-6CD5EBDFEC5E} = {FACF157C-C485-42B5-B5F6-6CD5EBDFEC5E}
		{169B07A0-B158-405F-A306-C2F5209BFFB8} = {169B07A0-B158-405F-A306-C2F5209BFFB8}
	EndProjectSection
EndProject
Project("{8BC9CEB8-8B4A-11D0-8D11-00A0C91BC942}") = "NavajoTest", "..\test\NavajoTest.vcproj", "{CB394355-6F46-43EB-B6C5-B07A9FF16B7A}"
	ProjectSection(ProjectDependencies) = postProject
		{2FFF583F-9227-49B9-BCD4-6EB84708AC45} = {2FFF583F-9227-49B9-BCD4-6EB84708AC45}
	EndProjectSection
EndProject
Project("{8BC9CEB8-8B4A-11D0-8D11-00A0C91BC942}") = "NavajoTestCE", "..\test\NavajoTestCE.vcproj", "{A40399E5-AE7C-4144-8B13-4F9B867177F5}"
	ProjectSection(ProjectDependencies) = postProject
		{169B07A0-B158-405F-A306-C2F5209BFFB8} = {169B07A0-B158-405F-A306-C2F5209BFFB8}
	EndProjectSection
EndProject
Project("{8BC9CEB8-8B4A-11D0-8D11-00A0C91BC942}") = "sqlite3", "..\..\..\Common\Externals\sqlite3\sqlite3.vcproj", "{53784BC1-A8BC-4AC8-8A3E-158D6807345A}"
EndProject
Project("{8BC9CEB8-8B4A-11D0-8D11-00A0C91BC942}") = "sqlite3CE", "..\..\..\Common\Externals\sqlite3\sqlite3CE.vcproj", "{9E5A8F20-5F04-4629-B2E1-27B5E30F2AF6}"
EndProject
Project("{8BC9CEB8-8B4A-11D0-8D11-00A0C91BC942}") = "TinCanCE", "..\tinCan\TinCanCE.vcproj", "{FACF157C-C485-42B5-B5F6-6CD5EBDFEC5E}"
	ProjectSection(ProjectDependencies) = postProject
		{169B07A0-B158-405F-A306-C2F5209BFFB8} = {169B07A0-B158-405F-A306-C2F5209BFFB8}
	EndProjectSection
EndProject
Project("{2150E333-8FDC-42A3-9474-1A3956D46DE8}") = "Libraries", "Libraries", "{DD0EC307-465E-4C25-A044-6F169680617D}"
EndProject
Project("{2150E333-8FDC-42A3-9474-1A3956D46DE8}") = "Win32", "Win32", "{5F6DB8F4-0C56-4FE3-A6C5-22B19278F8B1}"
EndProject
Project("{2150E333-8FDC-42A3-9474-1A3956D46DE8}") = "WinCE", "WinCE", "{465664C6-96D0-4E80-8935-12D0D8CFA14A}"
EndProject
Project("{2150E333-8FDC-42A3-9474-1A3956D46DE8}") = "Applications", "Applications", "{E1DA1506-BC30-4A72-9BD2-419B8DA31A76}"
EndProject
Project("{2150E333-8FDC-42A3-9474-1A3956D46DE8}") = "Win32", "Win32", "{81E81A45-B655-4226-80D7-CC8E3EC40D3F}"
EndProject
Project("{2150E333-8FDC-42A3-9474-1A3956D46DE8}") = "WinCE", "WinCE", "{64E6B99C-9DE0-44D3-B65B-BE10A1B6D1DD}"
EndProject
Project("{2150E333-8FDC-42A3-9474-1A3956D46DE8}") = "Core", "Core", "{3D5F19FB-EECA-4969-96DC-F4B938085376}"
EndProject
Project("{2150E333-8FDC-42A3-9474-1A3956D46DE8}") = "Phone", "Phone", "{C0785A32-CE2F-49B6-B08B-76AC17FC7107}"
EndProject
Project("{2150E333-8FDC-42A3-9474-1A3956D46DE8}") = "Core", "Core", "{32385C8F-C8A4-4400-9C3D-9A86049B3D02}"
EndProject
Project("{2150E333-8FDC-42A3-9474-1A3956D46DE8}") = "Test", "Test", "{4709EF8F-6138-4799-9171-88F99C70C471}"
EndProject
Project("{2150E333-8FDC-42A3-9474-1A3956D46DE8}") = "Test", "Test", "{3BC23278-5DC9-4FE9-B397-CA64C708B87C}"
EndProject
Project("{2150E333-8FDC-42A3-9474-1A3956D46DE8}") = "Phone", "Phone", "{1CA1AF06-146C-462B-B836-C9C759172CF7}"
EndProject
Global
	GlobalSection(SolutionConfigurationPlatforms) = preSolution
		Debug|Mixed Platforms = Debug|Mixed Platforms
		Debug|Pocket PC 2003 (ARMV4) = Debug|Pocket PC 2003 (ARMV4)
		Debug|Win32 = Debug|Win32
		Debug|Windows Mobile 5.0 Pocket PC SDK (ARMV4I) = Debug|Windows Mobile 5.0 Pocket PC SDK (ARMV4I)
		Debug|Windows Mobile 5.0 Smartphone SDK (ARMV4I) = Debug|Windows Mobile 5.0 Smartphone SDK (ARMV4I)
		Debug|x64 = Debug|x64
		DebugDll|Mixed Platforms = DebugDll|Mixed Platforms
		DebugDll|Pocket PC 2003 (ARMV4) = DebugDll|Pocket PC 2003 (ARMV4)
		DebugDll|Win32 = DebugDll|Win32
		DebugDll|Windows Mobile 5.0 Pocket PC SDK (ARMV4I) = DebugDll|Windows Mobile 5.0 Pocket PC SDK (ARMV4I)
		DebugDll|Windows Mobile 5.0 Smartphone SDK (ARMV4I) = DebugDll|Windows Mobile 5.0 Smartphone SDK (ARMV4I)
		DebugDll|x64 = DebugDll|x64
		Release|Mixed Platforms = Release|Mixed Platforms
		Release|Pocket PC 2003 (ARMV4) = Release|Pocket PC 2003 (ARMV4)
		Release|Win32 = Release|Win32
		Release|Windows Mobile 5.0 Pocket PC SDK (ARMV4I) = Release|Windows Mobile 5.0 Pocket PC SDK (ARMV4I)
		Release|Windows Mobile 5.0 Smartphone SDK (ARMV4I) = Release|Windows Mobile 5.0 Smartphone SDK (ARMV4I)
		Release|x64 = Release|x64
		ReleaseDll|Mixed Platforms = ReleaseDll|Mixed Platforms
		ReleaseDll|Pocket PC 2003 (ARMV4) = ReleaseDll|Pocket PC 2003 (ARMV4)
		ReleaseDll|Win32 = ReleaseDll|Win32
		ReleaseDll|Windows Mobile 5.0 Pocket PC SDK (ARMV4I) = ReleaseDll|Windows Mobile 5.0 Pocket PC SDK (ARMV4I)
		ReleaseDll|Windows Mobile 5.0 Smartphone SDK (ARMV4I) = ReleaseDll|Windows Mobile 5.0 Smartphone SDK (ARMV4I)
		ReleaseDll|x64 = ReleaseDll|x64
	EndGlobalSection
	GlobalSection(ProjectConfigurationPlatforms) = postSolution
		{2FFF583F-9227-49B9-BCD4-6EB84708AC45}.Debug|Mixed Platforms.ActiveCfg = Debug|Win32
		{2FFF583F-9227-49B9-BCD4-6EB84708AC45}.Debug|Mixed Platforms.Build.0 = Debug|Win32
		{2FFF583F-9227-49B9-BCD4-6EB84708AC45}.Debug|Pocket PC 2003 (ARMV4).ActiveCfg = Debug|Win32
		{2FFF583F-9227-49B9-BCD4-6EB84708AC45}.Debug|Win32.ActiveCfg = Debug|Win32
		{2FFF583F-9227-49B9-BCD4-6EB84708AC45}.Debug|Win32.Build.0 = Debug|Win32
		{2FFF583F-9227-49B9-BCD4-6EB84708AC45}.Debug|Windows Mobile 5.0 Pocket PC SDK (ARMV4I).ActiveCfg = Debug|Win32
		{2FFF583F-9227-49B9-BCD4-6EB84708AC45}.Debug|Windows Mobile 5.0 Smartphone SDK (ARMV4I).ActiveCfg = Debug|Win32
		{2FFF583F-9227-49B9-BCD4-6EB84708AC45}.Debug|x64.ActiveCfg = Debug|x64
		{2FFF583F-9227-49B9-BCD4-6EB84708AC45}.Debug|x64.Build.0 = Debug|x64
		{2FFF583F-9227-49B9-BCD4-6EB84708AC45}.DebugDll|Mixed Platforms.ActiveCfg = DebugDll|Win32
		{2FFF583F-9227-49B9-BCD4-6EB84708AC45}.DebugDll|Mixed Platforms.Build.0 = DebugDll|Win32
		{2FFF583F-9227-49B9-BCD4-6EB84708AC45}.DebugDll|Pocket PC 2003 (ARMV4).ActiveCfg = DebugDll|Win32
		{2FFF583F-9227-49B9-BCD4-6EB84708AC45}.DebugDll|Win32.ActiveCfg = DebugDll|Win32
		{2FFF583F-9227-49B9-BCD4-6EB84708AC45}.DebugDll|Win32.Build.0 = DebugDll|Win32
		{2FFF583F-9227-49B9-BCD4-6EB84708AC45}.DebugDll|Windows Mobile 5.0 Pocket PC SDK (ARMV4I).ActiveCfg = DebugDll|Win32
		{2FFF583F-9227-49B9-BCD4-6EB84708AC45}.DebugDll|Windows Mobile 5.0 Smartphone SDK (ARMV4I).ActiveCfg = DebugDll|Win32
		{2FFF583F-9227-49B9-BCD4-6EB84708AC45}.DebugDll|x64.ActiveCfg = DebugDll|x64
		{2FFF583F-9227-49B9-BCD4-6EB84708AC45}.DebugDll|x64.Build.0 = DebugDll|x64
		{2FFF583F-9227-49B9-BCD4-6EB84708AC45}.Release|Mixed Platforms.ActiveCfg = Release|Win32
		{2FFF583F-9227-49B9-BCD4-6EB84708AC45}.Release|Mixed Platforms.Build.0 = Release|Win32
		{2FFF583F-9227-49B9-BCD4-6EB84708AC45}.Release|Pocket PC 2003 (ARMV4).ActiveCfg = Release|Win32
		{2FFF583F-9227-49B9-BCD4-6EB84708AC45}.Release|Win32.ActiveCfg = Release|Win32
		{2FFF583F-9227-49B9-BCD4-6EB84708AC45}.Release|Win32.Build.0 = Release|Win32
		{2FFF583F-9227-49B9-BCD4-6EB84708AC45}.Release|Windows Mobile 5.0 Pocket PC SDK (ARMV4I).ActiveCfg = Release|Win32
		{2FFF583F-9227-49B9-BCD4-6EB84708AC45}.Release|Windows Mobile 5.0 Smartphone SDK (ARMV4I).ActiveCfg = Release|Win32
		{2FFF583F-9227-49B9-BCD4-6EB84708AC45}.Release|x64.ActiveCfg = Release|x64
		{2FFF583F-9227-49B9-BCD4-6EB84708AC45}.Release|x64.Build.0 = Release|x64
		{2FFF583F-9227-49B9-BCD4-6EB84708AC45}.ReleaseDll|Mixed Platforms.ActiveCfg = ReleaseDll|Win32
		{2FFF583F-9227-49B9-BCD4-6EB84708AC45}.ReleaseDll|Mixed Platforms.Build.0 = ReleaseDll|Win32
		{2FFF583F-9227-49B9-BCD4-6EB84708AC45}.ReleaseDll|Pocket PC 2003 (ARMV4).ActiveCfg = ReleaseDll|Win32
		{2FFF583F-9227-49B9-BCD4-6EB84708AC45}.ReleaseDll|Win32.ActiveCfg = ReleaseDll|Win32
		{2FFF583F-9227-49B9-BCD4-6EB84708AC45}.ReleaseDll|Win32.Build.0 = ReleaseDll|Win32
		{2FFF583F-9227-49B9-BCD4-6EB84708AC45}.ReleaseDll|Windows Mobile 5.0 Pocket PC SDK (ARMV4I).ActiveCfg = ReleaseDll|Win32
		{2FFF583F-9227-49B9-BCD4-6EB84708AC45}.ReleaseDll|Windows Mobile 5.0 Smartphone SDK (ARMV4I).ActiveCfg = ReleaseDll|Win32
		{2FFF583F-9227-49B9-BCD4-6EB84708AC45}.ReleaseDll|x64.ActiveCfg = ReleaseDll|x64
		{2FFF583F-9227-49B9-BCD4-6EB84708AC45}.ReleaseDll|x64.Build.0 = ReleaseDll|x64
		{169B07A0-B158-405F-A306-C2F5209BFFB8}.Debug|Mixed Platforms.ActiveCfg = Debug|Pocket PC 2003 (ARMV4)
		{169B07A0-B158-405F-A306-C2F5209BFFB8}.Debug|Mixed Platforms.Build.0 = Debug|Pocket PC 2003 (ARMV4)
		{169B07A0-B158-405F-A306-C2F5209BFFB8}.Debug|Mixed Platforms.Deploy.0 = Debug|Pocket PC 2003 (ARMV4)
		{169B07A0-B158-405F-A306-C2F5209BFFB8}.Debug|Pocket PC 2003 (ARMV4).ActiveCfg = Debug|Pocket PC 2003 (ARMV4)
		{169B07A0-B158-405F-A306-C2F5209BFFB8}.Debug|Pocket PC 2003 (ARMV4).Build.0 = Debug|Pocket PC 2003 (ARMV4)
		{169B07A0-B158-405F-A306-C2F5209BFFB8}.Debug|Pocket PC 2003 (ARMV4).Deploy.0 = Debug|Pocket PC 2003 (ARMV4)
		{169B07A0-B158-405F-A306-C2F5209BFFB8}.Debug|Win32.ActiveCfg = Debug|Pocket PC 2003 (ARMV4)
		{169B07A0-B158-405F-A306-C2F5209BFFB8}.Debug|Windows Mobile 5.0 Pocket PC SDK (ARMV4I).ActiveCfg = Debug|Windows Mobile 5.0 Pocket PC SDK (ARMV4I)
		{169B07A0-B158-405F-A306-C2F5209BFFB8}.Debug|Windows Mobile 5.0 Pocket PC SDK (ARMV4I).Build.0 = Debug|Windows Mobile 5.0 Pocket PC SDK (ARMV4I)
		{169B07A0-B158-405F-A306-C2F5209BFFB8}.Debug|Windows Mobile 5.0 Pocket PC SDK (ARMV4I).Deploy.0 = Debug|Windows Mobile 5.0 Pocket PC SDK (ARMV4I)
		{169B07A0-B158-405F-A306-C2F5209BFFB8}.Debug|Windows Mobile 5.0 Smartphone SDK (ARMV4I).ActiveCfg = Debug|Windows Mobile 5.0 Smartphone SDK (ARMV4I)
		{169B07A0-B158-405F-A306-C2F5209BFFB8}.Debug|Windows Mobile 5.0 Smartphone SDK (ARMV4I).Build.0 = Debug|Windows Mobile 5.0 Smartphone SDK (ARMV4I)
		{169B07A0-B158-405F-A306-C2F5209BFFB8}.Debug|Windows Mobile 5.0 Smartphone SDK (ARMV4I).Deploy.0 = Debug|Windows Mobile 5.0 Smartphone SDK (ARMV4I)
		{169B07A0-B158-405F-A306-C2F5209BFFB8}.Debug|x64.ActiveCfg = Debug|Pocket PC 2003 (ARMV4)
		{169B07A0-B158-405F-A306-C2F5209BFFB8}.DebugDll|Mixed Platforms.ActiveCfg = Debug|Pocket PC 2003 (ARMV4)
		{169B07A0-B158-405F-A306-C2F5209BFFB8}.DebugDll|Mixed Platforms.Build.0 = Debug|Pocket PC 2003 (ARMV4)
		{169B07A0-B158-405F-A306-C2F5209BFFB8}.DebugDll|Mixed Platforms.Deploy.0 = Debug|Pocket PC 2003 (ARMV4)
		{169B07A0-B158-405F-A306-C2F5209BFFB8}.DebugDll|Pocket PC 2003 (ARMV4).ActiveCfg = Debug|Pocket PC 2003 (ARMV4)
		{169B07A0-B158-405F-A306-C2F5209BFFB8}.DebugDll|Pocket PC 2003 (ARMV4).Build.0 = Debug|Pocket PC 2003 (ARMV4)
		{169B07A0-B158-405F-A306-C2F5209BFFB8}.DebugDll|Pocket PC 2003 (ARMV4).Deploy.0 = Debug|Pocket PC 2003 (ARMV4)
		{169B07A0-B158-405F-A306-C2F5209BFFB8}.DebugDll|Win32.ActiveCfg = Debug|Pocket PC 2003 (ARMV4)
		{169B07A0-B158-405F-A306-C2F5209BFFB8}.DebugDll|Windows Mobile 5.0 Pocket PC SDK (ARMV4I).ActiveCfg = Debug|Windows Mobile 5.0 Pocket PC SDK (ARMV4I)
		{169B07A0-B158-405F-A306-C2F5209BFFB8}.DebugDll|Windows Mobile 5.0 Pocket PC SDK (ARMV4I).Build.0 = Debug|Windows Mobile 5.0 Pocket PC SDK (ARMV4I)
		{169B07A0-B158-405F-A306-C2F5209BFFB8}.DebugDll|Windows Mobile 5.0 Pocket PC SDK (ARMV4I).Deploy.0 = Debug|Windows Mobile 5.0 Pocket PC SDK (ARMV4I)
		{169B07A0-B158-405F-A306-C2F5209BFFB8}.DebugDll|Windows Mobile 5.0 Smartphone SDK (ARMV4I).ActiveCfg = Debug|Windows Mobile 5.0 Smartphone SDK (ARMV4I)
		{169B07A0-B158-405F-A306-C2F5209BFFB8}.DebugDll|Windows Mobile 5.0 Smartphone SDK (ARMV4I).Build.0 = Debug|Windows Mobile 5.0 Smartphone SDK (ARMV4I)
		{169B07A0-B158-405F-A306-C2F5209BFFB8}.DebugDll|Windows Mobile 5.0 Smartphone SDK (ARMV4I).Deploy.0 = Debug|Windows Mobile 5.0 Smartphone SDK (ARMV4I)
		{169B07A0-B158-405F-A306-C2F5209BFFB8}.DebugDll|x64.ActiveCfg = Debug|Pocket PC 2003 (ARMV4)
		{169B07A0-B158-405F-A306-C2F5209BFFB8}.Release|Mixed Platforms.ActiveCfg = Release|Pocket PC 2003 (ARMV4)
		{169B07A0-B158-405F-A306-C2F5209BFFB8}.Release|Mixed Platforms.Build.0 = Release|Pocket PC 2003 (ARMV4)
		{169B07A0-B158-405F-A306-C2F5209BFFB8}.Release|Mixed Platforms.Deploy.0 = Release|Pocket PC 2003 (ARMV4)
		{169B07A0-B158-405F-A306-C2F5209BFFB8}.Release|Pocket PC 2003 (ARMV4).ActiveCfg = Release|Pocket PC 2003 (ARMV4)
		{169B07A0-B158-405F-A306-C2F5209BFFB8}.Release|Pocket PC 2003 (ARMV4).Build.0 = Release|Pocket PC 2003 (ARMV4)
		{169B07A0-B158-405F-A306-C2F5209BFFB8}.Release|Pocket PC 2003 (ARMV4).Deploy.0 = Release|Pocket PC 2003 (ARMV4)
		{169B07A0-B158-405F-A306-C2F5209BFFB8}.Release|Win32.ActiveCfg = Release|Pocket PC 2003 (ARMV4)
		{169B07A0-B158-405F-A306-C2F5209BFFB8}.Release|Windows Mobile 5.0 Pocket PC SDK (ARMV4I).ActiveCfg = Release|Windows Mobile 5.0 Pocket PC SDK (ARMV4I)
		{169B07A0-B158-405F-A306-C2F5209BFFB8}.Release|Windows Mobile 5.0 Pocket PC SDK (ARMV4I).Build.0 = Release|Windows Mobile 5.0 Pocket PC SDK (ARMV4I)
		{169B07A0-B158-405F-A306-C2F5209BFFB8}.Release|Windows Mobile 5.0 Pocket PC SDK (ARMV4I).Deploy.0 = Release|Windows Mobile 5.0 Pocket PC SDK (ARMV4I)
		{169B07A0-B158-405F-A306-C2F5209BFFB8}.Release|Windows Mobile 5.0 Smartphone SDK (ARMV4I).ActiveCfg = Release|Windows Mobile 5.0 Smartphone SDK (ARMV4I)
		{169B07A0-B158-405F-A306-C2F5209BFFB8}.Release|Windows Mobile 5.0 Smartphone SDK (ARMV4I).Build.0 = Release|Windows Mobile 5.0 Smartphone SDK (ARMV4I)
		{169B07A0-B158-405F-A306-C2F5209BFFB8}.Release|Windows Mobile 5.0 Smartphone SDK (ARMV4I).Deploy.0 = Release|Windows Mobile 5.0 Smartphone SDK (ARMV4I)
		{169B07A0-B158-405F-A306-C2F5209BFFB8}.Release|x64.ActiveCfg = Release|Pocket PC 2003 (ARMV4)
		{169B07A0-B158-405F-A306-C2F5209BFFB8}.ReleaseDll|Mixed Platforms.ActiveCfg = Release|Pocket PC 2003 (ARMV4)
		{169B07A0-B158-405F-A306-C2F5209BFFB8}.ReleaseDll|Mixed Platforms.Build.0 = Release|Pocket PC 2003 (ARMV4)
		{169B07A0-B158-405F-A306-C2F5209BFFB8}.ReleaseDll|Mixed Platforms.Deploy.0 = Release|Pocket PC 2003 (ARMV4)
		{169B07A0-B158-405F-A306-C2F5209BFFB8}.ReleaseDll|Pocket PC 2003 (ARMV4).ActiveCfg = Release|Pocket PC 2003 (ARMV4)
		{169B07A0-B158-405F-A306-C2F5209BFFB8}.ReleaseDll|Pocket PC 2003 (ARMV4).Build.0 = Release|Pocket PC 2003 (ARMV4)
		{169B07A0-B158-405F-A306-C2F5209BFFB8}.ReleaseDll|Pocket PC 2003 (ARMV4).Deploy.0 = Release|Pocket PC 2003 (ARMV4)
		{169B07A0-B158-405F-A306-C2F5209BFFB8}.ReleaseDll|Win32.ActiveCfg = Release|Pocket PC 2003 (ARMV4)
		{169B07A0-B158-405F-A306-C2F5209BFFB8}.ReleaseDll|Windows Mobile 5.0 Pocket PC SDK (ARMV4I).ActiveCfg = Release|Windows Mobile 5.0 Pocket PC SDK (ARMV4I)
		{169B07A0-B158-405F-A306-C2F5209BFFB8}.ReleaseDll|Windows Mobile 5.0 Pocket PC SDK (ARMV4I).Build.0 = Release|Windows Mobile 5.0 Pocket PC SDK (ARMV4I)
		{169B07A0-B158-405F-A306-C2F5209BFFB8}.ReleaseDll|Windows Mobile 5.0 Pocket PC SDK (ARMV4I).Deploy.0 = Release|Windows Mobile 5.0 Pocket PC SDK (ARMV4I)
		{169B07A0-B158-405F-A306-C2F5209BFFB8}.ReleaseDll|Windows Mobile 5.0 Smartphone SDK (ARMV4I).ActiveCfg = Release|Windows Mobile 5.0 Smartphone SDK (ARMV4I)
		{169B07A0-B158-405F-A306-C2F5209BFFB8}.ReleaseDll|Windows Mobile 5.0 Smartphone SDK (ARMV4I).Build.0 = Release|Windows Mobile 5.0 Smartphone SDK (ARMV4I)
		{169B07A0-B158-405F-A306-C2F5209BFFB8}.ReleaseDll|Windows Mobile 5.0 Smartphone SDK (ARMV4I).Deploy.0 = Release|Windows Mobile 5.0 Smartphone SDK (ARMV4I)
		{169B07A0-B158-405F-A306-C2F5209BFFB8}.ReleaseDll|x64.ActiveCfg = Release|Pocket PC 2003 (ARMV4)
		{8779DC75-8789-4C2F-9D47-536EFD167A31}.Debug|Mixed Platforms.ActiveCfg = Debug|Pocket PC 2003 (ARMV4)
		{8779DC75-8789-4C2F-9D47-536EFD167A31}.Debug|Mixed Platforms.Build.0 = Debug|Pocket PC 2003 (ARMV4)
		{8779DC75-8789-4C2F-9D47-536EFD167A31}.Debug|Mixed Platforms.Deploy.0 = Debug|Pocket PC 2003 (ARMV4)
		{8779DC75-8789-4C2F-9D47-536EFD167A31}.Debug|Pocket PC 2003 (ARMV4).ActiveCfg = Debug|Pocket PC 2003 (ARMV4)
		{8779DC75-8789-4C2F-9D47-536EFD167A31}.Debug|Pocket PC 2003 (ARMV4).Build.0 = Debug|Pocket PC 2003 (ARMV4)
		{8779DC75-8789-4C2F-9D47-536EFD167A31}.Debug|Pocket PC 2003 (ARMV4).Deploy.0 = Debug|Pocket PC 2003 (ARMV4)
		{8779DC75-8789-4C2F-9D47-536EFD167A31}.Debug|Win32.ActiveCfg = Debug|Pocket PC 2003 (ARMV4)
		{8779DC75-8789-4C2F-9D47-536EFD167A31}.Debug|Windows Mobile 5.0 Pocket PC SDK (ARMV4I).ActiveCfg = Debug|Windows Mobile 5.0 Pocket PC SDK (ARMV4I)
		{8779DC75-8789-4C2F-9D47-536EFD167A31}.Debug|Windows Mobile 5.0 Pocket PC SDK (ARMV4I).Build.0 = Debug|Windows Mobile 5.0 Pocket PC SDK (ARMV4I)
		{8779DC75-8789-4C2F-9D47-536EFD167A31}.Debug|Windows Mobile 5.0 Pocket PC SDK (ARMV4I).Deploy.0 = Debug|Windows Mobile 5.0 Pocket PC SDK (ARMV4I)
		{8779DC75-8789-4C2F-9D47-536EFD167A31}.Debug|Windows Mobile 5.0 Smartphone SDK (ARMV4I).ActiveCfg = Debug|Windows Mobile 5.0 Smartphone SDK (ARMV4I)
		{8779DC75-8789-4C2F-9D47-536EFD167A31}.Debug|Windows Mobile 5.0 Smartphone SDK (ARMV4I).Build.0 = Debug|Windows Mobile 5.0 Smartphone SDK (ARMV4I)
		{8779DC75-8789-4C2F-9D47-536EFD167A31}.Debug|Windows Mobile 5.0 Smartphone SDK (ARMV4I).Deploy.0 = Debug|Windows Mobile 5.0 Smartphone SDK (ARMV4I)
		{8779DC75-8789-4C2F-9D47-536EFD167A31}.Debug|x64.ActiveCfg = Debug|Pocket PC 2003 (ARMV4)
		{8779DC75-8789-4C2F-9D47-536EFD167A31}.DebugDll|Mixed Platforms.ActiveCfg = Debug|Pocket PC 2003 (ARMV4)
		{8779DC75-8789-4C2F-9D47-536EFD167A31}.DebugDll|Mixed Platforms.Build.0 = Debug|Pocket PC 2003 (ARMV4)
		{8779DC75-8789-4C2F-9D47-536EFD167A31}.DebugDll|Mixed Platforms.Deploy.0 = Debug|Pocket PC 2003 (ARMV4)
		{8779DC75-8789-4C2F-9D47-536EFD167A31}.DebugDll|Pocket PC 2003 (ARMV4).ActiveCfg = Debug|Pocket PC 2003 (ARMV4)
		{8779DC75-8789-4C2F-9D47-536EFD167A31}.DebugDll|Pocket PC 2003 (ARMV4).Build.0 = Debug|Pocket PC 2003 (ARMV4)
		{8779DC75-8789-4C2F-9D47-536EFD167A31}.DebugDll|Pocket PC 2003 (ARMV4).Deploy.0 = Debug|Pocket PC 2003 (ARMV4)
		{8779DC75-8789-4C2F-9D47-536EFD167A31}.DebugDll|Win32.ActiveCfg = Debug|Pocket PC 2003 (ARMV4)
		{8779DC75-8789-4C2F-9D47-536EFD167A31}.DebugDll|Windows Mobile 5.0 Pocket PC SDK (ARMV4I).ActiveCfg = Debug|Windows Mobile 5.0 Pocket PC SDK (ARMV4I)
		{8779DC75-8789-4C2F-9D47-536EFD167A31}.DebugDll|Windows Mobile 5.0 Pocket PC SDK (ARMV4I).Build.0 = Debug|Windows Mobile 5.0 Pocket PC SDK (ARMV4I)
		{8779DC75-8789-4C2F-9D47-536EFD167A31}.DebugDll|Windows Mobile 5.0 Pocket PC SDK (ARMV4I).Deploy.0 = Debug|Windows Mobile 5.0 Pocket PC SDK (ARMV4I)
		{8779DC75-8789-4C2F-9D47-536EFD167A31}.DebugDll|Windows Mobile 5.0 Smartphone SDK (ARMV4I).ActiveCfg = Debug|Windows Mobile 5.0 Smartphone SDK (ARMV4I)
		{8779DC75-8789-4C2F-9D47-536EFD167A31}.DebugDll|Windows Mobile 5.0 Smartphone SDK (ARMV4I).Build.0 = Debug|Windows Mobile 5.0 Smartphone SDK (ARMV4I)
		{8779DC75-8789-4C2F-9D47-536EFD167A31}.DebugDll|Windows Mobile 5.0 Smartphone SDK (ARMV4I).Deploy.0 = Debug|Windows Mobile 5.0 Smartphone SDK (ARMV4I)
		{8779DC75-8789-4C2F-9D47-536EFD167A31}.DebugDll|x64.ActiveCfg = Debug|Pocket PC 2003 (ARMV4)
		{8779DC75-8789-4C2F-9D47-536EFD167A31}.Release|Mixed Platforms.ActiveCfg = Release|Pocket PC 2003 (ARMV4)
		{8779DC75-8789-4C2F-9D47-536EFD167A31}.Release|Mixed Platforms.Build.0 = Release|Pocket PC 2003 (ARMV4)
		{8779DC75-8789-4C2F-9D47-536EFD167A31}.Release|Mixed Platforms.Deploy.0 = Release|Pocket PC 2003 (ARMV4)
		{8779DC75-8789-4C2F-9D47-536EFD167A31}.Release|Pocket PC 2003 (ARMV4).ActiveCfg = Release|Pocket PC 2003 (ARMV4)
		{8779DC75-8789-4C2F-9D47-536EFD167A31}.Release|Pocket PC 2003 (ARMV4).Build.0 = Release|Pocket PC 2003 (ARMV4)
		{8779DC75-8789-4C2F-9D47-536EFD167A31}.Release|Pocket PC 2003 (ARMV4).Deploy.0 = Release|Pocket PC 2003 (ARMV4)
		{8779DC75-8789-4C2F-9D47-536EFD167A31}.Release|Win32.ActiveCfg = Release|Pocket PC 2003 (ARMV4)
		{8779DC75-8789-4C2F-9D47-536EFD167A31}.Release|Windows Mobile 5.0 Pocket PC SDK (ARMV4I).ActiveCfg = Release|Windows Mobile 5.0 Pocket PC SDK (ARMV4I)
		{8779DC75-8789-4C2F-9D47-536EFD167A31}.Release|Windows Mobile 5.0 Pocket PC SDK (ARMV4I).Build.0 = Release|Windows Mobile 5.0 Pocket PC SDK (ARMV4I)
		{8779DC75-8789-4C2F-9D47-536EFD167A31}.Release|Windows Mobile 5.0 Pocket PC SDK (ARMV4I).Deploy.0 = Release|Windows Mobile 5.0 Pocket PC SDK (ARMV4I)
		{8779DC75-8789-4C2F-9D47-536EFD167A31}.Release|Windows Mobile 5.0 Smartphone SDK (ARMV4I).ActiveCfg = Release|Windows Mobile 5.0 Smartphone SDK (ARMV4I)
		{8779DC75-8789-4C2F-9D47-536EFD167A31}.Release|Windows Mobile 5.0 Smartphone SDK (ARMV4I).Build.0 = Release|Windows Mobile 5.0 Smartphone SDK (ARMV4I)
		{8779DC75-8789-4C2F-9D47-536EFD167A31}.Release|Windows Mobile 5.0 Smartphone SDK (ARMV4I).Deploy.0 = Release|Windows Mobile 5.0 Smartphone SDK (ARMV4I)
		{8779DC75-8789-4C2F-9D47-536EFD167A31}.Release|x64.ActiveCfg = Release|Pocket PC 2003 (ARMV4)
		{8779DC75-8789-4C2F-9D47-536EFD167A31}.ReleaseDll|Mixed Platforms.ActiveCfg = Release|Pocket PC 2003 (ARMV4)
		{8779DC75-8789-4C2F-9D47-536EFD167A31}.ReleaseDll|Mixed Platforms.Build.0 = Release|Pocket PC 2003 (ARMV4)
		{8779DC75-8789-4C2F-9D47-536EFD167A31}.ReleaseDll|Mixed Platforms.Deploy.0 = Release|Pocket PC 2003 (ARMV4)
		{8779DC75-8789-4C2F-9D47-536EFD167A31}.ReleaseDll|Pocket PC 2003 (ARMV4).ActiveCfg = Release|Pocket PC 2003 (ARMV4)
		{8779DC75-8789-4C2F-9D47-536EFD167A31}.ReleaseDll|Pocket PC 2003 (ARMV4).Build.0 = Release|Pocket PC 2003 (ARMV4)
		{8779DC75-8789-4C2F-9D47-536EFD167A31}.ReleaseDll|Pocket PC 2003 (ARMV4).Deploy.0 = Release|Pocket PC 2003 (ARMV4)
		{8779DC75-8789-4C2F-9D47-536EFD167A31}.ReleaseDll|Win32.ActiveCfg = Release|Pocket PC 2003 (ARMV4)
		{8779DC75-8789-4C2F-9D47-536EFD167A31}.ReleaseDll|Windows Mobile 5.0 Pocket PC SDK (ARMV4I).ActiveCfg = Release|Windows Mobile 5.0 Pocket PC SDK (ARMV4I)
		{8779DC75-8789-4C2F-9D47-536EFD167A31}.ReleaseDll|Windows Mobile 5.0 Pocket PC SDK (ARMV4I).Build.0 = Release|Windows Mobile 5.0 Pocket PC SDK (ARMV4I)
		{8779DC75-8789-4C2F-9D47-536EFD167A31}.ReleaseDll|Windows Mobile 5.0 Pocket PC SDK (ARMV4I).Deploy.0 = Release|Windows Mobile 5.0 Pocket PC SDK (ARMV4I)
		{8779DC75-8789-4C2F-9D47-536EFD167A31}.ReleaseDll|Windows Mobile 5.0 Smartphone SDK (ARMV4I).ActiveCfg = Release|Windows Mobile 5.0 Smartphone SDK (ARMV4I)
		{8779DC75-8789-4C2F-9D47-536EFD167A31}.ReleaseDll|Windows Mobile 5.0 Smartphone SDK (ARMV4I).Build.0 = Release|Windows Mobile 5.0 Smartphone SDK (ARMV4I)
		{8779DC75-8789-4C2F-9D47-536EFD167A31}.ReleaseDll|Windows Mobile 5.0 Smartphone SDK (ARMV4I).Deploy.0 = Release|Windows Mobile 5.0 Smartphone SDK (ARMV4I)
		{8779DC75-8789-4C2F-9D47-536EFD167A31}.ReleaseDll|x64.ActiveCfg = Release|Pocket PC 2003 (ARMV4)
		{CB394355-6F46-43EB-B6C5-B07A9FF16B7A}.Debug|Mixed Platforms.ActiveCfg = Debug|Win32
		{CB394355-6F46-43EB-B6C5-B07A9FF16B7A}.Debug|Mixed Platforms.Build.0 = Debug|Win32
		{CB394355-6F46-43EB-B6C5-B07A9FF16B7A}.Debug|Pocket PC 2003 (ARMV4).ActiveCfg = Debug|Win32
		{CB394355-6F46-43EB-B6C5-B07A9FF16B7A}.Debug|Win32.ActiveCfg = Debug|Win32
		{CB394355-6F46-43EB-B6C5-B07A9FF16B7A}.Debug|Win32.Build.0 = Debug|Win32
		{CB394355-6F46-43EB-B6C5-B07A9FF16B7A}.Debug|Windows Mobile 5.0 Pocket PC SDK (ARMV4I).ActiveCfg = Debug|Win32
		{CB394355-6F46-43EB-B6C5-B07A9FF16B7A}.Debug|Windows Mobile 5.0 Smartphone SDK (ARMV4I).ActiveCfg = Debug|Win32
		{CB394355-6F46-43EB-B6C5-B07A9FF16B7A}.Debug|x64.ActiveCfg = Debug|x64
		{CB394355-6F46-43EB-B6C5-B07A9FF16B7A}.Debug|x64.Build.0 = Debug|x64
		{CB394355-6F46-43EB-B6C5-B07A9FF16B7A}.DebugDll|Mixed Platforms.ActiveCfg = DebugDll|Win32
		{CB394355-6F46-43EB-B6C5-B07A9FF16B7A}.DebugDll|Mixed Platforms.Build.0 = DebugDll|Win32
		{CB394355-6F46-43EB-B6C5-B07A9FF16B7A}.DebugDll|Pocket PC 2003 (ARMV4).ActiveCfg = DebugDll|Win32
		{CB394355-6F46-43EB-B6C5-B07A9FF16B7A}.DebugDll|Win32.ActiveCfg = DebugDll|Win32
		{CB394355-6F46-43EB-B6C5-B07A9FF16B7A}.DebugDll|Win32.Build.0 = DebugDll|Win32
		{CB394355-6F46-43EB-B6C5-B07A9FF16B7A}.DebugDll|Windows Mobile 5.0 Pocket PC SDK (ARMV4I).ActiveCfg = DebugDll|Win32
		{CB394355-6F46-43EB-B6C5-B07A9FF16B7A}.DebugDll|Windows Mobile 5.0 Smartphone SDK (ARMV4I).ActiveCfg = DebugDll|Win32
		{CB394355-6F46-43EB-B6C5-B07A9FF16B7A}.DebugDll|x64.ActiveCfg = DebugDll|x64
		{CB394355-6F46-43EB-B6C5-B07A9FF16B7A}.DebugDll|x64.Build.0 = DebugDll|x64
		{CB394355-6F46-43EB-B6C5-B07A9FF16B7A}.Release|Mixed Platforms.ActiveCfg = Release|Win32
		{CB394355-6F46-43EB-B6C5-B07A9FF16B7A}.Release|Mixed Platforms.Build.0 = Release|Win32
		{CB394355-6F46-43EB-B6C5-B07A9FF16B7A}.Release|Pocket PC 2003 (ARMV4).ActiveCfg = Release|Win32
		{CB394355-6F46-43EB-B6C5-B07A9FF16B7A}.Release|Win32.ActiveCfg = Release|Win32
		{CB394355-6F46-43EB-B6C5-B07A9FF16B7A}.Release|Win32.Build.0 = Release|Win32
		{CB394355-6F46-43EB-B6C5-B07A9FF16B7A}.Release|Windows Mobile 5.0 Pocket PC SDK (ARMV4I).ActiveCfg = Release|Win32
		{CB394355-6F46-43EB-B6C5-B07A9FF16B7A}.Release|Windows Mobile 5.0 Smartphone SDK (ARMV4I).ActiveCfg = Release|Win32
		{CB394355-6F46-43EB-B6C5-B07A9FF16B7A}.Release|x64.ActiveCfg = Release|x64
		{CB394355-6F46-43EB-B6C5-B07A9FF16B7A}.Release|x64.Build.0 = Release|x64
		{CB394355-6F46-43EB-B6C5-B07A9FF16B7A}.ReleaseDll|Mixed Platforms.ActiveCfg = ReleaseDll|Win32
		{CB394355-6F46-43EB-B6C5-B07A9FF16B7A}.ReleaseDll|Mixed Platforms.Build.0 = ReleaseDll|Win32
		{CB394355-6F46-43EB-B6C5-B07A9FF16B7A}.ReleaseDll|Pocket PC 2003 (ARMV4).ActiveCfg = ReleaseDll|Win32
		{CB394355-6F46-43EB-B6C5-B07A9FF16B7A}.ReleaseDll|Win32.ActiveCfg = ReleaseDll|Win32
		{CB394355-6F46-43EB-B6C5-B07A9FF16B7A}.ReleaseDll|Win32.Build.0 = ReleaseDll|Win32
		{CB394355-6F46-43EB-B6C5-B07A9FF16B7A}.ReleaseDll|Windows Mobile 5.0 Pocket PC SDK (ARMV4I).ActiveCfg = ReleaseDll|Win32
		{CB394355-6F46-43EB-B6C5-B07A9FF16B7A}.ReleaseDll|Windows Mobile 5.0 Smartphone SDK (ARMV4I).ActiveCfg = ReleaseDll|Win32
		{CB394355-6F46-43EB-B6C5-B07A9FF16B7A}.ReleaseDll|x64.ActiveCfg = ReleaseDll|x64
		{CB394355-6F46-43EB-B6C5-B07A9FF16B7A}.ReleaseDll|x64.Build.0 = ReleaseDll|x64
		{A40399E5-AE7C-4144-8B13-4F9B867177F5}.Debug|Mixed Platforms.ActiveCfg = Debug|Pocket PC 2003 (ARMV4)
		{A40399E5-AE7C-4144-8B13-4F9B867177F5}.Debug|Mixed Platforms.Build.0 = Debug|Pocket PC 2003 (ARMV4)
		{A40399E5-AE7C-4144-8B13-4F9B867177F5}.Debug|Mixed Platforms.Deploy.0 = Debug|Pocket PC 2003 (ARMV4)
		{A40399E5-AE7C-4144-8B13-4F9B867177F5}.Debug|Pocket PC 2003 (ARMV4).ActiveCfg = Debug|Pocket PC 2003 (ARMV4)
		{A40399E5-AE7C-4144-8B13-4F9B867177F5}.Debug|Pocket PC 2003 (ARMV4).Build.0 = Debug|Pocket PC 2003 (ARMV4)
		{A40399E5-AE7C-4144-8B13-4F9B867177F5}.Debug|Pocket PC 2003 (ARMV4).Deploy.0 = Debug|Pocket PC 2003 (ARMV4)
		{A40399E5-AE7C-4144-8B13-4F9B867177F5}.Debug|Win32.ActiveCfg = Debug|Pocket PC 2003 (ARMV4)
		{A40399E5-AE7C-4144-8B13-4F9B867177F5}.Debug|Windows Mobile 5.0 Pocket PC SDK (ARMV4I).ActiveCfg = Debug|Windows Mobile 5.0 Pocket PC SDK (ARMV4I)
		{A40399E5-AE7C-4144-8B13-4F9B867177F5}.Debug|Windows Mobile 5.0 Pocket PC SDK (ARMV4I).Build.0 = Debug|Windows Mobile 5.0 Pocket PC SDK (ARMV4I)
		{A40399E5-AE7C-4144-8B13-4F9B867177F5}.Debug|Windows Mobile 5.0 Pocket PC SDK (ARMV4I).Deploy.0 = Debug|Windows Mobile 5.0 Pocket PC SDK (ARMV4I)
		{A40399E5-AE7C-4144-8B13-4F9B867177F5}.Debug|Windows Mobile 5.0 Smartphone SDK (ARMV4I).ActiveCfg = Debug|Windows Mobile 5.0 Smartphone SDK (ARMV4I)
		{A40399E5-AE7C-4144-8B13-4F9B867177F5}.Debug|Windows Mobile 5.0 Smartphone SDK (ARMV4I).Build.0 = Debug|Windows Mobile 5.0 Smartphone SDK (ARMV4I)
		{A40399E5-AE7C-4144-8B13-4F9B867177F5}.Debug|Windows Mobile 5.0 Smartphone SDK (ARMV4I).Deploy.0 = Debug|Windows Mobile 5.0 Smartphone SDK (ARMV4I)
		{A40399E5-AE7C-4144-8B13-4F9B867177F5}.Debug|x64.ActiveCfg = Debug|Pocket PC 2003 (ARMV4)
		{A40399E5-AE7C-4144-8B13-4F9B867177F5}.DebugDll|Mixed Platforms.ActiveCfg = Debug|Pocket PC 2003 (ARMV4)
		{A40399E5-AE7C-4144-8B13-4F9B867177F5}.DebugDll|Mixed Platforms.Build.0 = Debug|Pocket PC 2003 (ARMV4)
		{A40399E5-AE7C-4144-8B13-4F9B867177F5}.DebugDll|Mixed Platforms.Deploy.0 = Debug|Pocket PC 2003 (ARMV4)
		{A40399E5-AE7C-4144-8B13-4F9B867177F5}.DebugDll|Pocket PC 2003 (ARMV4).ActiveCfg = Debug|Pocket PC 2003 (ARMV4)
		{A40399E5-AE7C-4144-8B13-4F9B867177F5}.DebugDll|Pocket PC 2003 (ARMV4).Build.0 = Debug|Pocket PC 2003 (ARMV4)
		{A40399E5-AE7C-4144-8B13-4F9B867177F5}.DebugDll|Pocket PC 2003 (ARMV4).Deploy.0 = Debug|Pocket PC 2003 (ARMV4)
		{A40399E5-AE7C-4144-8B13-4F9B867177F5}.DebugDll|Win32.ActiveCfg = Debug|Pocket PC 2003 (ARMV4)
		{A40399E5-AE7C-4144-8B13-4F9B867177F5}.DebugDll|Windows Mobile 5.0 Pocket PC SDK (ARMV4I).ActiveCfg = Debug|Windows Mobile 5.0 Pocket PC SDK (ARMV4I)
		{A40399E5-AE7C-4144-8B13-4F9B867177F5}.DebugDll|Windows Mobile 5.0 Pocket PC SDK (ARMV4I).Build.0 = Debug|Windows Mobile 5.0 Pocket PC SDK (ARMV4I)
		{A40399E5-AE7C-4144-8B13-4F9B867177F5}.DebugDll|Windows Mobile 5.0 Pocket PC SDK (ARMV4I).Deploy.0 = Debug|Windows Mobile 5.0 Pocket PC SDK (ARMV4I)
		{A40399E5-AE7C-4144-8B13-4F9B867177F5}.DebugDll|Windows Mobile 5.0 Smartphone SDK (ARMV4I).ActiveCfg = Debug|Windows Mobile 5.0 Smartphone SDK (ARMV4I)
		{A40399E5-AE7C-4144-8B13-4F9B867177F5}.DebugDll|Windows Mobile 5.0 Smartphone SDK (ARMV4I).Build.0 = Debug|Windows Mobile 5.0 Smartphone SDK (ARMV4I)
		{A40399E5-AE7C-4144-8B13-4F9B867177F5}.DebugDll|Windows Mobile 5.0 Smartphone SDK (ARMV4I).Deploy.0 = Debug|Windows Mobile 5.0 Smartphone SDK (ARMV4I)
		{A40399E5-AE7C-4144-8B13-4F9B867177F5}.DebugDll|x64.ActiveCfg = Debug|Pocket PC 2003 (ARMV4)
		{A40399E5-AE7C-4144-8B13-4F9B867177F5}.Release|Mixed Platforms.ActiveCfg = Release|Pocket PC 2003 (ARMV4)
		{A40399E5-AE7C-4144-8B13-4F9B867177F5}.Release|Mixed Platforms.Build.0 = Release|Pocket PC 2003 (ARMV4)
		{A40399E5-AE7C-4144-8B13-4F9B867177F5}.Release|Mixed Platforms.Deploy.0 = Release|Pocket PC 2003 (ARMV4)
		{A40399E5-AE7C-4144-8B13-4F9B867177F5}.Release|Pocket PC 2003 (ARMV4).ActiveCfg = Release|Pocket PC 2003 (ARMV4)
		{A40399E5-AE7C-4144-8B13-4F9B867177F5}.Release|Pocket PC 2003 (ARMV4).Build.0 = Release|Pocket PC 2003 (ARMV4)
		{A40399E5-AE7C-4144-8B13-4F9B867177F5}.Release|Pocket PC 2003 (ARMV4).Deploy.0 = Release|Pocket PC 2003 (ARMV4)
		{A40399E5-AE7C-4144-8B13-4F9B867177F5}.Release|Win32.ActiveCfg = Release|Pocket PC 2003 (ARMV4)
		{A40399E5-AE7C-4144-8B13-4F9B867177F5}.Release|Windows Mobile 5.0 Pocket PC SDK (ARMV4I).ActiveCfg = Release|Windows Mobile 5.0 Pocket PC SDK (ARMV4I)
		{A40399E5-AE7C-4144-8B13-4F9B867177F5}.Release|Windows Mobile 5.0 Pocket PC SDK (ARMV4I).Build.0 = Release|Windows Mobile 5.0 Pocket PC SDK (ARMV4I)
		{A40399E5-AE7C-4144-8B13-4F9B867177F5}.Release|Windows Mobile 5.0 Pocket PC SDK (ARMV4I).Deploy.0 = Release|Windows Mobile 5.0 Pocket PC SDK (ARMV4I)
		{A40399E5-AE7C-4144-8B13-4F9B867177F5}.Release|Windows Mobile 5.0 Smartphone SDK (ARMV4I).ActiveCfg = Release|Windows Mobile 5.0 Pocket PC SDK (ARMV4I)
		{A40399E5-AE7C-4144-8B13-4F9B867177F5}.Release|Windows Mobile 5.0 Smartphone SDK (ARMV4I).Build.0 = Release|Windows Mobile 5.0 Pocket PC SDK (ARMV4I)
		{A40399E5-AE7C-4144-8B13-4F9B867177F5}.Release|Windows Mobile 5.0 Smartphone SDK (ARMV4I).Deploy.0 = Release|Windows Mobile 5.0 Pocket PC SDK (ARMV4I)
		{A40399E5-AE7C-4144-8B13-4F9B867177F5}.Release|x64.ActiveCfg = Release|Pocket PC 2003 (ARMV4)
		{A40399E5-AE7C-4144-8B13-4F9B867177F5}.ReleaseDll|Mixed Platforms.ActiveCfg = Release|Pocket PC 2003 (ARMV4)
		{A40399E5-AE7C-4144-8B13-4F9B867177F5}.ReleaseDll|Mixed Platforms.Build.0 = Release|Pocket PC 2003 (ARMV4)
		{A40399E5-AE7C-4144-8B13-4F9B867177F5}.ReleaseDll|Mixed Platforms.Deploy.0 = Release|Pocket PC 2003 (ARMV4)
		{A40399E5-AE7C-4144-8B13-4F9B867177F5}.ReleaseDll|Pocket PC 2003 (ARMV4).ActiveCfg = Release|Pocket PC 2003 (ARMV4)
		{A40399E5-AE7C-4144-8B13-4F9B867177F5}.ReleaseDll|Pocket PC 2003 (ARMV4).Build.0 = Release|Pocket PC 2003 (ARMV4)
		{A40399E5-AE7C-4144-8B13-4F9B867177F5}.ReleaseDll|Pocket PC 2003 (ARMV4).Deploy.0 = Release|Pocket PC 2003 (ARMV4)
		{A40399E5-AE7C-4144-8B13-4F9B867177F5}.ReleaseDll|Win32.ActiveCfg = Release|Pocket PC 2003 (ARMV4)
		{A40399E5-AE7C-4144-8B13-4F9B867177F5}.ReleaseDll|Windows Mobile 5.0 Pocket PC SDK (ARMV4I).ActiveCfg = Release|Windows Mobile 5.0 Pocket PC SDK (ARMV4I)
		{A40399E5-AE7C-4144-8B13-4F9B867177F5}.ReleaseDll|Windows Mobile 5.0 Pocket PC SDK (ARMV4I).Build.0 = Release|Windows Mobile 5.0 Pocket PC SDK (ARMV4I)
		{A40399E5-AE7C-4144-8B13-4F9B867177F5}.ReleaseDll|Windows Mobile 5.0 Pocket PC SDK (ARMV4I).Deploy.0 = Release|Windows Mobile 5.0 Pocket PC SDK (ARMV4I)
		{A40399E5-AE7C-4144-8B13-4F9B867177F5}.ReleaseDll|Windows Mobile 5.0 Smartphone SDK (ARMV4I).ActiveCfg = Release|Windows Mobile 5.0 Smartphone SDK (ARMV4I)
		{A40399E5-AE7C-4144-8B13-4F9B867177F5}.ReleaseDll|Windows Mobile 5.0 Smartphone SDK (ARMV4I).Build.0 = Release|Windows Mobile 5.0 Smartphone SDK (ARMV4I)
		{A40399E5-AE7C-4144-8B13-4F9B867177F5}.ReleaseDll|Windows Mobile 5.0 Smartphone SDK (ARMV4I).Deploy.0 = Release|Windows Mobile 5.0 Smartphone SDK (ARMV4I)
		{A40399E5-AE7C-4144-8B13-4F9B867177F5}.ReleaseDll|x64.ActiveCfg = Release|Pocket PC 2003 (ARMV4)
		{53784BC1-A8BC-4AC8-8A3E-158D6807345A}.Debug|Mixed Platforms.ActiveCfg = Debug|Win32
		{53784BC1-A8BC-4AC8-8A3E-158D6807345A}.Debug|Mixed Platforms.Build.0 = Debug|Win32
		{53784BC1-A8BC-4AC8-8A3E-158D6807345A}.Debug|Pocket PC 2003 (ARMV4).ActiveCfg = Debug|Win32
		{53784BC1-A8BC-4AC8-8A3E-158D6807345A}.Debug|Win32.ActiveCfg = Debug|Win32
		{53784BC1-A8BC-4AC8-8A3E-158D6807345A}.Debug|Win32.Build.0 = Debug|Win32
		{53784BC1-A8BC-4AC8-8A3E-158D6807345A}.Debug|Windows Mobile 5.0 Pocket PC SDK (ARMV4I).ActiveCfg = Debug|Win32
		{53784BC1-A8BC-4AC8-8A3E-158D6807345A}.Debug|Windows Mobile 5.0 Smartphone SDK (ARMV4I).ActiveCfg = Debug|Win32
		{53784BC1-A8BC-4AC8-8A3E-158D6807345A}.Debug|x64.ActiveCfg = Debug|x64
		{53784BC1-A8BC-4AC8-8A3E-158D6807345A}.Debug|x64.Build.0 = Debug|x64
		{53784BC1-A8BC-4AC8-8A3E-158D6807345A}.DebugDll|Mixed Platforms.ActiveCfg = DebugDll|Win32
		{53784BC1-A8BC-4AC8-8A3E-158D6807345A}.DebugDll|Mixed Platforms.Build.0 = DebugDll|Win32
		{53784BC1-A8BC-4AC8-8A3E-158D6807345A}.DebugDll|Pocket PC 2003 (ARMV4).ActiveCfg = DebugDll|Win32
		{53784BC1-A8BC-4AC8-8A3E-158D6807345A}.DebugDll|Win32.ActiveCfg = DebugDll|Win32
		{53784BC1-A8BC-4AC8-8A3E-158D6807345A}.DebugDll|Win32.Build.0 = DebugDll|Win32
		{53784BC1-A8BC-4AC8-8A3E-158D6807345A}.DebugDll|Windows Mobile 5.0 Pocket PC SDK (ARMV4I).ActiveCfg = DebugDll|Win32
		{53784BC1-A8BC-4AC8-8A3E-158D6807345A}.DebugDll|Windows Mobile 5.0 Smartphone SDK (ARMV4I).ActiveCfg = DebugDll|Win32
		{53784BC1-A8BC-4AC8-8A3E-158D6807345A}.DebugDll|x64.ActiveCfg = DebugDll|x64
		{53784BC1-A8BC-4AC8-8A3E-158D6807345A}.DebugDll|x64.Build.0 = DebugDll|x64
		{53784BC1-A8BC-4AC8-8A3E-158D6807345A}.Release|Mixed Platforms.ActiveCfg = Release|Win32
		{53784BC1-A8BC-4AC8-8A3E-158D6807345A}.Release|Mixed Platforms.Build.0 = Release|Win32
		{53784BC1-A8BC-4AC8-8A3E-158D6807345A}.Release|Pocket PC 2003 (ARMV4).ActiveCfg = Release|Win32
		{53784BC1-A8BC-4AC8-8A3E-158D6807345A}.Release|Win32.ActiveCfg = Release|Win32
		{53784BC1-A8BC-4AC8-8A3E-158D6807345A}.Release|Win32.Build.0 = Release|Win32
		{53784BC1-A8BC-4AC8-8A3E-158D6807345A}.Release|Windows Mobile 5.0 Pocket PC SDK (ARMV4I).ActiveCfg = Release|Win32
		{53784BC1-A8BC-4AC8-8A3E-158D6807345A}.Release|Windows Mobile 5.0 Smartphone SDK (ARMV4I).ActiveCfg = Release|Win32
		{53784BC1-A8BC-4AC8-8A3E-158D6807345A}.Release|x64.ActiveCfg = Release|x64
		{53784BC1-A8BC-4AC8-8A3E-158D6807345A}.Release|x64.Build.0 = Release|x64
		{53784BC1-A8BC-4AC8-8A3E-158D6807345A}.ReleaseDll|Mixed Platforms.ActiveCfg = ReleaseDll|Win32
		{53784BC1-A8BC-4AC8-8A3E-158D6807345A}.ReleaseDll|Mixed Platforms.Build.0 = ReleaseDll|Win32
		{53784BC1-A8BC-4AC8-8A3E-158D6807345A}.ReleaseDll|Pocket PC 2003 (ARMV4).ActiveCfg = ReleaseDll|Win32
		{53784BC1-A8BC-4AC8-8A3E-158D6807345A}.ReleaseDll|Win32.ActiveCfg = ReleaseDll|Win32
		{53784BC1-A8BC-4AC8-8A3E-158D6807345A}.ReleaseDll|Win32.Build.0 = ReleaseDll|Win32
		{53784BC1-A8BC-4AC8-8A3E-158D6807345A}.ReleaseDll|Windows Mobile 5.0 Pocket PC SDK (ARMV4I).ActiveCfg = ReleaseDll|Win32
		{53784BC1-A8BC-4AC8-8A3E-158D6807345A}.ReleaseDll|Windows Mobile 5.0 Smartphone SDK (ARMV4I).ActiveCfg = ReleaseDll|Win32
		{53784BC1-A8BC-4AC8-8A3E-158D6807345A}.ReleaseDll|x64.ActiveCfg = ReleaseDll|x64
		{53784BC1-A8BC-4AC8-8A3E-158D6807345A}.ReleaseDll|x64.Build.0 = ReleaseDll|x64
		{9E5A8F20-5F04-4629-B2E1-27B5E30F2AF6}.Debug|Mixed Platforms.ActiveCfg = Debug|Pocket PC 2003 (ARMV4)
		{9E5A8F20-5F04-4629-B2E1-27B5E30F2AF6}.Debug|Mixed Platforms.Build.0 = Debug|Pocket PC 2003 (ARMV4)
		{9E5A8F20-5F04-4629-B2E1-27B5E30F2AF6}.Debug|Mixed Platforms.Deploy.0 = Debug|Pocket PC 2003 (ARMV4)
		{9E5A8F20-5F04-4629-B2E1-27B5E30F2AF6}.Debug|Pocket PC 2003 (ARMV4).ActiveCfg = Debug|Pocket PC 2003 (ARMV4)
		{9E5A8F20-5F04-4629-B2E1-27B5E30F2AF6}.Debug|Pocket PC 2003 (ARMV4).Build.0 = Debug|Pocket PC 2003 (ARMV4)
		{9E5A8F20-5F04-4629-B2E1-27B5E30F2AF6}.Debug|Pocket PC 2003 (ARMV4).Deploy.0 = Debug|Pocket PC 2003 (ARMV4)
		{9E5A8F20-5F04-4629-B2E1-27B5E30F2AF6}.Debug|Win32.ActiveCfg = Debug|Pocket PC 2003 (ARMV4)
		{9E5A8F20-5F04-4629-B2E1-27B5E30F2AF6}.Debug|Windows Mobile 5.0 Pocket PC SDK (ARMV4I).ActiveCfg = Debug|Windows Mobile 5.0 Pocket PC SDK (ARMV4I)
		{9E5A8F20-5F04-4629-B2E1-27B5E30F2AF6}.Debug|Windows Mobile 5.0 Pocket PC SDK (ARMV4I).Build.0 = Debug|Windows Mobile 5.0 Pocket PC SDK (ARMV4I)
		{9E5A8F20-5F04-4629-B2E1-27B5E30F2AF6}.Debug|Windows Mobile 5.0 Pocket PC SDK (ARMV4I).Deploy.0 = Debug|Windows Mobile 5.0 Pocket PC SDK (ARMV4I)
		{9E5A8F20-5F04-4629-B2E1-27B5E30F2AF6}.Debug|Windows Mobile 5.0 Smartphone SDK (ARMV4I).ActiveCfg = Debug|Windows Mobile 5.0 Smartphone SDK (ARMV4I)
		{9E5A8F20-5F04-4629-B2E1-27B5E30F2AF6}.Debug|Windows Mobile 5.0 Smartphone SDK (ARMV4I).Build.0 = Debug|Windows Mobile 5.0 Smartphone SDK (ARMV4I)
		{9E5A8F20-5F04-4629-B2E1-27B5E30F2AF6}.Debug|Windows Mobile 5.0 Smartphone SDK (ARMV4I).Deploy.0 = Debug|Windows Mobile 5.0 Smartphone SDK (ARMV4I)
		{9E5A8F20-5F04-4629-B2E1-27B5E30F2AF6}.Debug|x64.ActiveCfg = Debug|Pocket PC 2003 (ARMV4)
		{9E5A8F20-5F04-4629-B2E1-27B5E30F2AF6}.DebugDll|Mixed Platforms.ActiveCfg = Debug|Pocket PC 2003 (ARMV4)
		{9E5A8F20-5F04-4629-B2E1-27B5E30F2AF6}.DebugDll|Mixed Platforms.Build.0 = Debug|Pocket PC 2003 (ARMV4)
		{9E5A8F20-5F04-4629-B2E1-27B5E30F2AF6}.DebugDll|Mixed Platforms.Deploy.0 = Debug|Pocket PC 2003 (ARMV4)
		{9E5A8F20-5F04-4629-B2E1-27B5E30F2AF6}.DebugDll|Pocket PC 2003 (ARMV4).ActiveCfg = Debug|Pocket PC 2003 (ARMV4)
		{9E5A8F20-5F04-4629-B2E1-27B5E30F2AF6}.DebugDll|Pocket PC 2003 (ARMV4).Build.0 = Debug|Pocket PC 2003 (ARMV4)
		{9E5A8F20-5F04-4629-B2E1-27B5E30F2AF6}.DebugDll|Pocket PC 2003 (ARMV4).Deploy.0 = Debug|Pocket PC 2003 (ARMV4)
		{9E5A8F20-5F04-4629-B2E1-27B5E30F2AF6}.DebugDll|Win32.ActiveCfg = Debug|Pocket PC 2003 (ARMV4)
		{9E5A8F20-5F04-4629-B2E1-27B5E30F2AF6}.DebugDll|Windows Mobile 5.0 Pocket PC SDK (ARMV4I).ActiveCfg = Debug|Windows Mobile 5.0 Pocket PC SDK (ARMV4I)
		{9E5A8F20-5F04-4629-B2E1-27B5E30F2AF6}.DebugDll|Windows Mobile 5.0 Pocket PC SDK (ARMV4I).Build.0 = Debug|Windows Mobile 5.0 Pocket PC SDK (ARMV4I)
		{9E5A8F20-5F04-4629-B2E1-27B5E30F2AF6}.DebugDll|Windows Mobile 5.0 Pocket PC SDK (ARMV4I).Deploy.0 = Debug|Windows Mobile 5.0 Pocket PC SDK (ARMV4I)
		{9E5A8F20-5F04-4629-B2E1-27B5E30F2AF6}.DebugDll|Windows Mobile 5.0 Smartphone SDK (ARMV4I).ActiveCfg = Debug|Windows Mobile 5.0 Smartphone SDK (ARMV4I)
		{9E5A8F20-5F04-4629-B2E1-27B5E30F2AF6}.DebugDll|Windows Mobile 5.0 Smartphone SDK (ARMV4I).Build.0 = Debug|Windows Mobile 5.0 Smartphone SDK (ARMV4I)
		{9E5A8F20-5F04-4629-B2E1-27B5E30F2AF6}.DebugDll|Windows Mobile 5.0 Smartphone SDK (ARMV4I).Deploy.0 = Debug|Windows Mobile 5.0 Smartphone SDK (ARMV4I)
		{9E5A8F20-5F04-4629-B2E1-27B5E30F2AF6}.DebugDll|x64.ActiveCfg = Debug|Pocket PC 2003 (ARMV4)
		{9E5A8F20-5F04-4629-B2E1-27B5E30F2AF6}.Release|Mixed Platforms.ActiveCfg = Release|Pocket PC 2003 (ARMV4)
		{9E5A8F20-5F04-4629-B2E1-27B5E30F2AF6}.Release|Mixed Platforms.Build.0 = Release|Pocket PC 2003 (ARMV4)
		{9E5A8F20-5F04-4629-B2E1-27B5E30F2AF6}.Release|Mixed Platforms.Deploy.0 = Release|Pocket PC 2003 (ARMV4)
		{9E5A8F20-5F04-4629-B2E1-27B5E30F2AF6}.Release|Pocket PC 2003 (ARMV4).ActiveCfg = Release|Pocket PC 2003 (ARMV4)
		{9E5A8F20-5F04-4629-B2E1-27B5E30F2AF6}.Release|Pocket PC 2003 (ARMV4).Build.0 = Release|Pocket PC 2003 (ARMV4)
		{9E5A8F20-5F04-4629-B2E1-27B5E30F2AF6}.Release|Pocket PC 2003 (ARMV4).Deploy.0 = Release|Pocket PC 2003 (ARMV4)
		{9E5A8F20-5F04-4629-B2E1-27B5E30F2AF6}.Release|Win32.ActiveCfg = Release|Pocket PC 2003 (ARMV4)
		{9E5A8F20-5F04-4629-B2E1-27B5E30F2AF6}.Release|Windows Mobile 5.0 Pocket PC SDK (ARMV4I).ActiveCfg = Release|Windows Mobile 5.0 Pocket PC SDK (ARMV4I)
		{9E5A8F20-5F04-4629-B2E1-27B5E30F2AF6}.Release|Windows Mobile 5.0 Pocket PC SDK (ARMV4I).Build.0 = Release|Windows Mobile 5.0 Pocket PC SDK (ARMV4I)
		{9E5A8F20-5F04-4629-B2E1-27B5E30F2AF6}.Release|Windows Mobile 5.0 Pocket PC SDK (ARMV4I).Deploy.0 = Release|Windows Mobile 5.0 Pocket PC SDK (ARMV4I)
		{9E5A8F20-5F04-4629-B2E1-27B5E30F2AF6}.Release|Windows Mobile 5.0 Smartphone SDK (ARMV4I).ActiveCfg = Release|Windows Mobile 5.0 Smartphone SDK (ARMV4I)
		{9E5A8F20-5F04-4629-B2E1-27B5E30F2AF6}.Release|Windows Mobile 5.0 Smartphone SDK (ARMV4I).Build.0 = Release|Windows Mobile 5.0 Smartphone SDK (ARMV4I)
		{9E5A8F20-5F04-4629-B2E1-27B5E30F2AF6}.Release|Windows Mobile 5.0 Smartphone SDK (ARMV4I).Deploy.0 = Release|Windows Mobile 5.0 Smartphone SDK (ARMV4I)
		{9E5A8F20-5F04-4629-B2E1-27B5E30F2AF6}.Release|x64.ActiveCfg = Release|Pocket PC 2003 (ARMV4)
		{9E5A8F20-5F04-4629-B2E1-27B5E30F2AF6}.ReleaseDll|Mixed Platforms.ActiveCfg = Release|Pocket PC 2003 (ARMV4)
		{9E5A8F20-5F04-4629-B2E1-27B5E30F2AF6}.ReleaseDll|Mixed Platforms.Build.0 = Release|Pocket PC 2003 (ARMV4)
		{9E5A8F20-5F04-4629-B2E1-27B5E30F2AF6}.ReleaseDll|Mixed Platforms.Deploy.0 = Release|Pocket PC 2003 (ARMV4)
		{9E5A8F20-5F04-4629-B2E1-27B5E30F2AF6}.ReleaseDll|Pocket PC 2003 (ARMV4).ActiveCfg = Release|Pocket PC 2003 (ARMV4)
		{9E5A8F20-5F04-4629-B2E1-27B5E30F2AF6}.ReleaseDll|Pocket PC 2003 (ARMV4).Build.0 = Release|Pocket PC 2003 (ARMV4)
		{9E5A8F20-5F04-4629-B2E1-27B5E30F2AF6}.ReleaseDll|Pocket PC 2003 (ARMV4).Deploy.0 = Release|Pocket PC 2003 (ARMV4)
		{9E5A8F20-5F04-4629-B2E1-27B5E30F2AF6}.ReleaseDll|Win32.ActiveCfg = Release|Pocket PC 2003 (ARMV4)
		{9E5A8F20-5F04-4629-B2E1-27B5E30F2AF6}.ReleaseDll|Windows Mobile 5.0 Pocket PC SDK (ARMV4I).ActiveCfg = Release|Windows Mobile 5.0 Pocket PC SDK (ARMV4I)
		{9E5A8F20-5F04-4629-B2E1-27B5E30F2AF6}.ReleaseDll|Windows Mobile 5.0 Pocket PC SDK (ARMV4I).Build.0 = Release|Windows Mobile 5.0 Pocket PC SDK (ARMV4I)
		{9E5A8F20-5F04-4629-B2E1-27B5E30F2AF6}.ReleaseDll|Windows Mobile 5.0 Pocket PC SDK (ARMV4I).Deploy.0 = Release|Windows Mobile 5.0 Pocket PC SDK (ARMV4I)
		{9E5A8F20-5F04-4629-B2E1-27B5E30F2AF6}.ReleaseDll|Windows Mobile 5.0 Smartphone SDK (ARMV4I).ActiveCfg = Release|Windows Mobile 5.0 Smartphone SDK (ARMV4I)
		{9E5A8F20-5F04-4629-B2E1-27B5E30F2AF6}.ReleaseDll|Windows Mobile 5.0 Smartphone SDK (ARMV4I).Build.0 = Release|Windows Mobile 5.0 Smartphone SDK (ARMV4I)
		{9E5A8F20-5F04-4629-B2E1-27B5E30F2AF6}.ReleaseDll|Windows Mobile 5.0 Smartphone SDK (ARMV4I).Deploy.0 = Release|Windows Mobile 5.0 Smartphone SDK (ARMV4I)
		{9E5A8F20-5F04-4629-B2E1-27B5E30F2AF6}.ReleaseDll|x64.ActiveCfg = Release|Pocket PC 2003 (ARMV4)
		{FACF157C-C485-42B5-B5F6-6CD5EBDFEC5E}.Debug|Mixed Platforms.ActiveCfg = Debug|Pocket PC 2003 (ARMV4)
		{FACF157C-C485-42B5-B5F6-6CD5EBDFEC5E}.Debug|Mixed Platforms.Build.0 = Debug|Pocket PC 2003 (ARMV4)
		{FACF157C-C485-42B5-B5F6-6CD5EBDFEC5E}.Debug|Mixed Platforms.Deploy.0 = Debug|Pocket PC 2003 (ARMV4)
		{FACF157C-C485-42B5-B5F6-6CD5EBDFEC5E}.Debug|Pocket PC 2003 (ARMV4).ActiveCfg = Debug|Pocket PC 2003 (ARMV4)
		{FACF157C-C485-42B5-B5F6-6CD5EBDFEC5E}.Debug|Pocket PC 2003 (ARMV4).Build.0 = Debug|Pocket PC 2003 (ARMV4)
		{FACF157C-C485-42B5-B5F6-6CD5EBDFEC5E}.Debug|Pocket PC 2003 (ARMV4).Deploy.0 = Debug|Pocket PC 2003 (ARMV4)
		{FACF157C-C485-42B5-B5F6-6CD5EBDFEC5E}.Debug|Win32.ActiveCfg = Debug|Pocket PC 2003 (ARMV4)
		{FACF157C-C485-42B5-B5F6-6CD5EBDFEC5E}.Debug|Windows Mobile 5.0 Pocket PC SDK (ARMV4I).ActiveCfg = Debug|Windows Mobile 5.0 Pocket PC SDK (ARMV4I)
		{FACF157C-C485-42B5-B5F6-6CD5EBDFEC5E}.Debug|Windows Mobile 5.0 Pocket PC SDK (ARMV4I).Build.0 = Debug|Windows Mobile 5.0 Pocket PC SDK (ARMV4I)
		{FACF157C-C485-42B5-B5F6-6CD5EBDFEC5E}.Debug|Windows Mobile 5.0 Pocket PC SDK (ARMV4I).Deploy.0 = Debug|Windows Mobile 5.0 Pocket PC SDK (ARMV4I)
		{FACF157C-C485-42B5-B5F6-6CD5EBDFEC5E}.Debug|Windows Mobile 5.0 Smartphone SDK (ARMV4I).ActiveCfg = Debug|Windows Mobile 5.0 Smartphone SDK (ARMV4I)
		{FACF157C-C485-42B5-B5F6-6CD5EBDFEC5E}.Debug|Windows Mobile 5.0 Smartphone SDK (ARMV4I).Build.0 = Debug|Windows Mobile 5.0 Smartphone SDK (ARMV4I)
		{FACF157C-C485-42B5-B5F6-6CD5EBDFEC5E}.Debug|Windows Mobile 5.0 Smartphone SDK (ARMV4I).Deploy.0 = Debug|Windows Mobile 5.0 Smartphone SDK (ARMV4I)
		{FACF157C-C485-42B5-B5F6-6CD5EBDFEC5E}.Debug|x64.ActiveCfg = Debug|Pocket PC 2003 (ARMV4)
		{FACF157C-C485-42B5-B5F6-6CD5EBDFEC5E}.DebugDll|Mixed Platforms.ActiveCfg = Debug|Pocket PC 2003 (ARMV4)
		{FACF157C-C485-42B5-B5F6-6CD5EBDFEC5E}.DebugDll|Mixed Platforms.Build.0 = Debug|Pocket PC 2003 (ARMV4)
		{FACF157C-C485-42B5-B5F6-6CD5EBDFEC5E}.DebugDll|Mixed Platforms.Deploy.0 = Debug|Pocket PC 2003 (ARMV4)
		{FACF157C-C485-42B5-B5F6-6CD5EBDFEC5E}.DebugDll|Pocket PC 2003 (ARMV4).ActiveCfg = Debug|Pocket PC 2003 (ARMV4)
		{FACF157C-C485-42B5-B5F6-6CD5EBDFEC5E}.DebugDll|Pocket PC 2003 (ARMV4).Build.0 = Debug|Pocket PC 2003 (ARMV4)
		{FACF157C-C485-42B5-B5F6-6CD5EBDFEC5E}.DebugDll|Pocket PC 2003 (ARMV4).Deploy.0 = Debug|Pocket PC 2003 (ARMV4)
		{FACF157C-C485-42B5-B5F6-6CD5EBDFEC5E}.DebugDll|Win32.ActiveCfg = Debug|Pocket PC 2003 (ARMV4)
		{FACF157C-C485-42B5-B5F6-6CD5EBDFEC5E}.DebugDll|Windows Mobile 5.0 Pocket PC SDK (ARMV4I).ActiveCfg = Debug|Windows Mobile 5.0 Pocket PC SDK (ARMV4I)
		{FACF157C-C485-42B5-B5F6-6CD5EBDFEC5E}.DebugDll|Windows Mobile 5.0 Pocket PC SDK (ARMV4I).Build.0 = Debug|Windows Mobile 5.0 Pocket PC SDK (ARMV4I)
		{FACF157C-C485-42B5-B5F6-6CD5EBDFEC5E}.DebugDll|Windows Mobile 5.0 Pocket PC SDK (ARMV4I).Deploy.0 = Debug|Windows Mobile 5.0 Pocket PC SDK (ARMV4I)
		{FACF157C-C485-42B5-B5F6-6CD5EBDFEC5E}.DebugDll|Windows Mobile 5.0 Smartphone SDK (ARMV4I).ActiveCfg = Debug|Windows Mobile 5.0 Smartphone SDK (ARMV4I)
		{FACF157C-C485-42B5-B5F6-6CD5EBDFEC5E}.DebugDll|Windows Mobile 5.0 Smartphone SDK (ARMV4I).Build.0 = Debug|Windows Mobile 5.0 Smartphone SDK (ARMV4I)
		{FACF157C-C485-42B5-B5F6-6CD5EBDFEC5E}.DebugDll|Windows Mobile 5.0 Smartphone SDK (ARMV4I).Deploy.0 = Debug|Windows Mobile 5.0 Smartphone SDK (ARMV4I)
		{FACF157C-C485-42B5-B5F6-6CD5EBDFEC5E}.DebugDll|x64.ActiveCfg = Debug|Pocket PC 2003 (ARMV4)
		{FACF157C-C485-42B5-B5F6-6CD5EBDFEC5E}.Release|Mixed Platforms.ActiveCfg = Release|Pocket PC 2003 (ARMV4)
		{FACF157C-C485-42B5-B5F6-6CD5EBDFEC5E}.Release|Mixed Platforms.Build.0 = Release|Pocket PC 2003 (ARMV4)
		{FACF157C-C485-42B5-B5F6-6CD5EBDFEC5E}.Release|Mixed Platforms.Deploy.0 = Release|Pocket PC 2003 (ARMV4)
		{FACF157C-C485-42B5-B5F6-6CD5EBDFEC5E}.Release|Pocket PC 2003 (ARMV4).ActiveCfg = Release|Pocket PC 2003 (ARMV4)
		{FACF157C-C485-42B5-B5F6-6CD5EBDFEC5E}.Release|Pocket PC 2003 (ARMV4).Build.0 = Release|Pocket PC 2003 (ARMV4)
		{FACF157C-C485-42B5-B5F6-6CD5EBDFEC5E}.Release|Pocket PC 2003 (ARMV4).Deploy.0 = Release|Pocket PC 2003 (ARMV4)
		{FACF157C-C485-42B5-B5F6-6CD5EBDFEC5E}.Release|Win32.ActiveCfg = Release|Pocket PC 2003 (ARMV4)
		{FACF157C-C485-42B5-B5F6-6CD5EBDFEC5E}.Release|Windows Mobile 5.0 Pocket PC SDK (ARMV4I).ActiveCfg = Release|Windows Mobile 5.0 Pocket PC SDK (ARMV4I)
		{FACF157C-C485-42B5-B5F6-6CD5EBDFEC5E}.Release|Windows Mobile 5.0 Pocket PC SDK (ARMV4I).Build.0 = Release|Windows Mobile 5.0 Pocket PC SDK (ARMV4I)
		{FACF157C-C485-42B5-B5F6-6CD5EBDFEC5E}.Release|Windows Mobile 5.0 Pocket PC SDK (ARMV4I).Deploy.0 = Release|Windows Mobile 5.0 Pocket PC SDK (ARMV4I)
		{FACF157C-C485-42B5-B5F6-6CD5EBDFEC5E}.Release|Windows Mobile 5.0 Smartphone SDK (ARMV4I).ActiveCfg = Release|Windows Mobile 5.0 Smartphone SDK (ARMV4I)
		{FACF157C-C485-42B5-B5F6-6CD5EBDFEC5E}.Release|Windows Mobile 5.0 Smartphone SDK (ARMV4I).Build.0 = Release|Windows Mobile 5.0 Smartphone SDK (ARMV4I)
		{FACF157C-C485-42B5-B5F6-6CD5EBDFEC5E}.Release|Windows Mobile 5.0 Smartphone SDK (ARMV4I).Deploy.0 = Release|Windows Mobile 5.0 Smartphone SDK (ARMV4I)
		{FACF157C-C485-42B5-B5F6-6CD5EBDFEC5E}.Release|x64.ActiveCfg = Release|Pocket PC 2003 (ARMV4)
		{FACF157C-C485-42B5-B5F6-6CD5EBDFEC5E}.ReleaseDll|Mixed Platforms.ActiveCfg = Release|Pocket PC 2003 (ARMV4)
		{FACF157C-C485-42B5-B5F6-6CD5EBDFEC5E}.ReleaseDll|Mixed Platforms.Build.0 = Release|Pocket PC 2003 (ARMV4)
		{FACF157C-C485-42B5-B5F6-6CD5EBDFEC5E}.ReleaseDll|Mixed Platforms.Deploy.0 = Release|Pocket PC 2003 (ARMV4)
		{FACF157C-C485-42B5-B5F6-6CD5EBDFEC5E}.ReleaseDll|Pocket PC 2003 (ARMV4).ActiveCfg = Release|Pocket PC 2003 (ARMV4)
		{FACF157C-C485-42B5-B5F6-6CD5EBDFEC5E}.ReleaseDll|Pocket PC 2003 (ARMV4).Build.0 = Release|Pocket PC 2003 (ARMV4)
		{FACF157C-C485-42B5-B5F6-6CD5EBDFEC5E}.ReleaseDll|Pocket PC 2003 (ARMV4).Deploy.0 = Release|Pocket PC 2003 (ARMV4)
		{FACF157C-C485-42B5-B5F6-6CD5EBDFEC5E}.ReleaseDll|Win32.ActiveCfg = Release|Pocket PC 2003 (ARMV4)
		{FACF157C-C485-42B5-B5F6-6CD5EBDFEC5E}.ReleaseDll|Windows Mobile 5.0 Pocket PC SDK (ARMV4I).ActiveCfg = Release|Windows Mobile 5.0 Pocket PC SDK (ARMV4I)
		{FACF157C-C485-42B5-B5F6-6CD5EBDFEC5E}.ReleaseDll|Windows Mobile 5.0 Pocket PC SDK (ARMV4I).Build.0 = Release|Windows Mobile 5.0 Pocket PC SDK (ARMV4I)
		{FACF157C-C485-42B5-B5F6-6CD5EBDFEC5E}.ReleaseDll|Windows Mobile 5.0 Pocket PC SDK (ARMV4I).Deploy.0 = Release|Windows Mobile 5.0 Pocket PC SDK (ARMV4I)
		{FACF157C-C485-42B5-B5F6-6CD5EBDFEC5E}.ReleaseDll|Windows Mobile 5.0 Smartphone SDK (ARMV4I).ActiveCfg = Release|Windows Mobile 5.0 Smartphone SDK (ARMV4I)
		{FACF157C-C485-42B5-B5F6-6CD5EBDFEC5E}.ReleaseDll|Windows Mobile 5.0 Smartphone SDK (ARMV4I).Build.0 = Release|Windows Mobile 5.0 Smartphone SDK (ARMV4I)
		{FACF157C-C485-42B5-B5F6-6CD5EBDFEC5E}.ReleaseDll|Windows Mobile 5.0 Smartphone SDK (ARMV4I).Deploy.0 = Release|Windows Mobile 5.0 Smartphone SDK (ARMV4I)
		{FACF157C-C485-42B5-B5F6-6CD5EBDFEC5E}.ReleaseDll|x64.ActiveCfg = Release|Pocket PC 2003 (ARMV4)
	EndGlobalSection
	GlobalSection(SolutionProperties) = preSolution
		HideSolutionNode = FALSE
	EndGlobalSection
	GlobalSection(NestedProjects) = preSolution
		{465664C6-96D0-4E80-8935-12D0D8CFA14A} = {DD0EC307-465E-4C25-A044-6F169680617D}
		{5F6DB8F4-0C56-4FE3-A6C5-22B19278F8B1} = {DD0EC307-465E-4C25-A044-6F169680617D}
		{3D5F19FB-EECA-4969-96DC-F4B938085376} = {465664C6-96D0-4E80-8935-12D0D8CFA14A}
		{C0785A32-CE2F-49B6-B08B-76AC17FC7107} = {465664C6-96D0-4E80-8935-12D0D8CFA14A}
		{81E81A45-B655-4226-80D7-CC8E3EC40D3F} = {E1DA1506-BC30-4A72-9BD2-419B8DA31A76}
		{64E6B99C-9DE0-44D3-B65B-BE10A1B6D1DD} = {E1DA1506-BC30-4A72-9BD2-419B8DA31A76}
		{4709EF8F-6138-4799-9171-88F99C70C471} = {81E81A45-B655-4226-80D7-CC8E3EC40D3F}
		{1CA1AF06-146C-462B-B836-C9C759172CF7} = {64E6B99C-9DE0-44D3-B65B-BE10A1B6D1DD}
		{3BC23278-5DC9-4FE9-B397-CA64C708B87C} = {64E6B99C-9DE0-44D3-B65B-BE10A1B6D1DD}
		{32385C8F-C8A4-4400-9C3D-9A86049B3D02} = {5F6DB8F4-0C56-4FE3-A6C5-22B19278F8B1}
		{169B07A0-B158-405F-A306-C2F5209BFFB8} = {3D5F19FB-EECA-4969-96DC-F4B938085376}
		{9E5A8F20-5F04-4629-B2E1-27B5E30F2AF6} = {3D5F19FB-EECA-4969-96DC-F4B938085376}
		{FACF157C-C485-42B5-B5F6-6CD5EBDFEC5E} = {C0785A32-CE2F-49B6-B08B-76AC17FC7107}
		{53784BC1-A8BC-4AC8-8A3E-158D6807345A} = {32385C8F-C8A4-4400-9C3D-9A86049B3D02}
		{2FFF583F-9227-49B9-BCD4-6EB84708AC45} = {32385C8F-C8A4-4400-9C3D-9A86049B3D02}
		{8779DC75-8789-4C2F-9D47-536EFD167A31} = {1CA1AF06-146C-462B-B836-C9C759172CF7}
		{CB394355-6F46-43EB-B6C5-B07A9FF16B7A} = {4709EF8F-6138-4799-9171-88F99C70C471}
		{A40399E5-AE7C-4144-8B13-4F9B867177F5} = {3BC23278-5DC9-4FE9-B397-CA64C708B87C}
	EndGlobalSection
EndGlobal
